
Microsoft Visual Studio Solution File, Format Version 12.00
# Visual Studio Version 17
VisualStudioVersion = 17.14.36212.18
MinimumVisualStudioVersion = 10.0.40219.1
Project("{FAE04EC0-301F-11D3-BF4B-00C04F79EFBC}") = "DN4.0_Week4_WebAPI", "DN4.0_Week4_WebAPI.csproj", "{66C885B6-4687-4943-8F51-4AB6123DB541}"
EndProject
Global
	GlobalSection(SolutionConfigurationPlatforms) = preSolution
		Debug|Any CPU = Debug|Any CPU
		Release|Any CPU = Release|Any CPU
	EndGlobalSection
	GlobalSection(ProjectConfigurationPlatforms) = postSolution
		{66C885B6-4687-4943-8F51-4AB6123DB541}.Debug|Any CPU.ActiveCfg = Debug|Any CPU
		{66C885B6-4687-4943-8F51-4AB6123DB541}.Debug|Any CPU.Build.0 = Debug|Any CPU
		{66C885B6-4687-4943-8F51-4AB6123DB541}.Release|Any CPU.ActiveCfg = Release|Any CPU
		{66C885B6-4687-4943-8F51-4AB6123DB541}.Release|Any CPU.Build.0 = Release|Any CPU
	EndGlobalSection
	GlobalSection(SolutionProperties) = preSolution
		HideSolutionNode = FALSE
	EndGlobalSection
	GlobalSection(ExtensibilityGlobals) = postSolution
		SolutionGuid = {F154D141-B1FB-453C-AB5D-FAB1FF5CBBBB}
	EndGlobalSection
EndGlobal
